
Microsoft Visual Studio Solution File, Format Version 12.00
# Visual Studio Version 17
VisualStudioVersion = 17.5.33530.505
MinimumVisualStudioVersion = 10.0.40219.1
Project("{FAE04EC0-301F-11D3-BF4B-00C04F79EFBC}") = "AutoService11", "AutoService11\AutoService11.csproj", "{90C6C0B8-00E7-4DB1-9FE9-95996BC6996F}"
EndProject
Global
	GlobalSection(SolutionConfigurationPlatforms) = preSolution
		Debug|Any CPU = Debug|Any CPU
		Release|Any CPU = Release|Any CPU
	EndGlobalSection
	GlobalSection(ProjectConfigurationPlatforms) = postSolution
		{90C6C0B8-00E7-4DB1-9FE9-95996BC6996F}.Debug|Any CPU.ActiveCfg = Debug|Any CPU
		{90C6C0B8-00E7-4DB1-9FE9-95996BC6996F}.Debug|Any CPU.Build.0 = Debug|Any CPU
		{90C6C0B8-00E7-4DB1-9FE9-95996BC6996F}.Release|Any CPU.ActiveCfg = Release|Any CPU
		{90C6C0B8-00E7-4DB1-9FE9-95996BC6996F}.Release|Any CPU.Build.0 = Release|Any CPU
	EndGlobalSection
	GlobalSection(SolutionProperties) = preSolution
		HideSolutionNode = FALSE
	EndGlobalSection
	GlobalSection(ExtensibilityGlobals) = postSolution
		SolutionGuid = {40F26319-C486-4944-8E0D-116BACF5D410}
	EndGlobalSection
EndGlobal
